// !$*UTF8*$!
{
	archiveVersion = 1;
	classes = {
	};
	objectVersion = 56;
	objects = {

/* Begin PBXBuildFile section */
		5E53BDAB2A7F0D790066E6C8 /* AppDelegate.swift in Sources */ = {isa = PBXBuildFile; fileRef = 5E53BDAA2A7F0D790066E6C8 /* AppDelegate.swift */; };
		5E53BDAD2A7F0D790066E6C8 /* SceneDelegate.swift in Sources */ = {isa = PBXBuildFile; fileRef = 5E53BDAC2A7F0D790066E6C8 /* SceneDelegate.swift */; };
		5E53BDAF2A7F0D790066E6C8 /* ViewController.swift in Sources */ = {isa = PBXBuildFile; fileRef = 5E53BDAE2A7F0D790066E6C8 /* ViewController.swift */; };
		5E53BDB22A7F0D790066E6C8 /* Main.storyboard in Resources */ = {isa = PBXBuildFile; fileRef = 5E53BDB02A7F0D790066E6C8 /* Main.storyboard */; };
		5E53BDB42A7F0D7A0066E6C8 /* Assets.xcassets in Resources */ = {isa = PBXBuildFile; fileRef = 5E53BDB32A7F0D7A0066E6C8 /* Assets.xcassets */; };
		5E53BDB72A7F0D7A0066E6C8 /* LaunchScreen.storyboard in Resources */ = {isa = PBXBuildFile; fileRef = 5E53BDB52A7F0D7A0066E6C8 /* LaunchScreen.storyboard */; };
		5E53BDBF2A7F0F6B0066E6C8 /* Extensions.swift in Sources */ = {isa = PBXBuildFile; fileRef = 5E53BDBE2A7F0F6B0066E6C8 /* Extensions.swift */; };
		5E53BDC12A7F1AEE0066E6C8 /* Notifiers.swift in Sources */ = {isa = PBXBuildFile; fileRef = 5E53BDC02A7F1AEE0066E6C8 /* Notifiers.swift */; };
		5E53BDC42A8044AF0066E6C8 /* Settings.swift in Sources */ = {isa = PBXBuildFile; fileRef = 5E53BDC32A8044AF0066E6C8 /* Settings.swift */; };
		D7E478ABDCFBE77D6F9D16EE /* Pods_USSD_Tester.framework in Frameworks */ = {isa = PBXBuildFile; fileRef = 8ACA2122BAA9F3BA24854E18 /* Pods_USSD_Tester.framework */; };
/* End PBXBuildFile section */

/* Begin PBXFileReference section */
		5035001421D80B0D1A0B8468 /* Pods-USSD Tester.debug.xcconfig */ = {isa = PBXFileReference; includeInIndex = 1; lastKnownFileType = text.xcconfig; name = "Pods-USSD Tester.debug.xcconfig"; path = "Target Support Files/Pods-USSD Tester/Pods-USSD Tester.debug.xcconfig"; sourceTree = "<group>"; };
		5E53BDA72A7F0D790066E6C8 /* USSD Tester.app */ = {isa = PBXFileReference; explicitFileType = wrapper.application; includeInIndex = 0; path = "USSD Tester.app"; sourceTree = BUILT_PRODUCTS_DIR; };
		5E53BDAA2A7F0D790066E6C8 /* AppDelegate.swift */ = {isa = PBXFileReference; lastKnownFileType = sourcecode.swift; path = AppDelegate.swift; sourceTree = "<group>"; };
		5E53BDAC2A7F0D790066E6C8 /* SceneDelegate.swift */ = {isa = PBXFileReference; lastKnownFileType = sourcecode.swift; path = SceneDelegate.swift; sourceTree = "<group>"; };
		5E53BDAE2A7F0D790066E6C8 /* ViewController.swift */ = {isa = PBXFileReference; lastKnownFileType = sourcecode.swift; path = ViewController.swift; sourceTree = "<group>"; };
		5E53BDB12A7F0D790066E6C8 /* Base */ = {isa = PBXFileReference; lastKnownFileType = file.storyboard; name = Base; path = Base.lproj/Main.storyboard; sourceTree = "<group>"; };
		5E53BDB32A7F0D7A0066E6C8 /* Assets.xcassets */ = {isa = PBXFileReference; lastKnownFileType = folder.assetcatalog; path = Assets.xcassets; sourceTree = "<group>"; };
		5E53BDB62A7F0D7A0066E6C8 /* Base */ = {isa = PBXFileReference; lastKnownFileType = file.storyboard; name = Base; path = Base.lproj/LaunchScreen.storyboard; sourceTree = "<group>"; };
		5E53BDB82A7F0D7A0066E6C8 /* Info.plist */ = {isa = PBXFileReference; lastKnownFileType = text.plist.xml; path = Info.plist; sourceTree = "<group>"; };
		5E53BDBE2A7F0F6B0066E6C8 /* Extensions.swift */ = {isa = PBXFileReference; fileEncoding = 4; lastKnownFileType = sourcecode.swift; path = Extensions.swift; sourceTree = "<group>"; };
		5E53BDC02A7F1AEE0066E6C8 /* Notifiers.swift */ = {isa = PBXFileReference; fileEncoding = 4; lastKnownFileType = sourcecode.swift; path = Notifiers.swift; sourceTree = "<group>"; };
		5E53BDC32A8044AF0066E6C8 /* Settings.swift */ = {isa = PBXFileReference; lastKnownFileType = sourcecode.swift; path = Settings.swift; sourceTree = "<group>"; };
		8ACA2122BAA9F3BA24854E18 /* Pods_USSD_Tester.framework */ = {isa = PBXFileReference; explicitFileType = wrapper.framework; includeInIndex = 0; path = Pods_USSD_Tester.framework; sourceTree = BUILT_PRODUCTS_DIR; };
		C70B853369C4EF0D44415E6C /* Pods-USSD Tester.release.xcconfig */ = {isa = PBXFileReference; includeInIndex = 1; lastKnownFileType = text.xcconfig; name = "Pods-USSD Tester.release.xcconfig"; path = "Target Support Files/Pods-USSD Tester/Pods-USSD Tester.release.xcconfig"; sourceTree = "<group>"; };
/* End PBXFileReference section */

/* Begin PBXFrameworksBuildPhase section */
		5E53BDA42A7F0D790066E6C8 /* Frameworks */ = {
			isa = PBXFrameworksBuildPhase;
			buildActionMask = 2147483647;
			files = (
				D7E478ABDCFBE77D6F9D16EE /* Pods_USSD_Tester.framework in Frameworks */,
			);
			runOnlyForDeploymentPostprocessing = 0;
		};
/* End PBXFrameworksBuildPhase section */

/* Begin PBXGroup section */
		1A957D37DDE68EDBEF36AA75 /* Pods */ = {
			isa = PBXGroup;
			children = (
				5035001421D80B0D1A0B8468 /* Pods-USSD Tester.debug.xcconfig */,
				C70B853369C4EF0D44415E6C /* Pods-USSD Tester.release.xcconfig */,
			);
			path = Pods;
			sourceTree = "<group>";
		};
		5E53BD9E2A7F0D790066E6C8 = {
			isa = PBXGroup;
			children = (
				5E53BDA92A7F0D790066E6C8 /* USSD Tester */,
				5E53BDA82A7F0D790066E6C8 /* Products */,
				1A957D37DDE68EDBEF36AA75 /* Pods */,
				70A253E9B59CD877CE415DC3 /* Frameworks */,
			);
			sourceTree = "<group>";
		};
		5E53BDA82A7F0D790066E6C8 /* Products */ = {
			isa = PBXGroup;
			children = (
				5E53BDA72A7F0D790066E6C8 /* USSD Tester.app */,
			);
			name = Products;
			sourceTree = "<group>";
		};
		5E53BDA92A7F0D790066E6C8 /* USSD Tester */ = {
			isa = PBXGroup;
			children = (
				5E53BDAA2A7F0D790066E6C8 /* AppDelegate.swift */,
				5E53BDAC2A7F0D790066E6C8 /* SceneDelegate.swift */,
				5E53BDAE2A7F0D790066E6C8 /* ViewController.swift */,
				5E53BDB02A7F0D790066E6C8 /* Main.storyboard */,
				5E53BDC32A8044AF0066E6C8 /* Settings.swift */,
				5E53BDBE2A7F0F6B0066E6C8 /* Extensions.swift */,
				5E53BDC02A7F1AEE0066E6C8 /* Notifiers.swift */,
				5E53BDB32A7F0D7A0066E6C8 /* Assets.xcassets */,
				5E53BDB52A7F0D7A0066E6C8 /* LaunchScreen.storyboard */,
				5E53BDB82A7F0D7A0066E6C8 /* Info.plist */,
			);
			path = "USSD Tester";
			sourceTree = "<group>";
		};
		70A253E9B59CD877CE415DC3 /* Frameworks */ = {
			isa = PBXGroup;
			children = (
				8ACA2122BAA9F3BA24854E18 /* Pods_USSD_Tester.framework */,
			);
			name = Frameworks;
			sourceTree = "<group>";
		};
/* End PBXGroup section */

/* Begin PBXNativeTarget section */
		5E53BDA62A7F0D790066E6C8 /* USSD Tester */ = {
			isa = PBXNativeTarget;
			buildConfigurationList = 5E53BDBB2A7F0D7A0066E6C8 /* Build configuration list for PBXNativeTarget "USSD Tester" */;
			buildPhases = (
				C86FB6A93896DF4F341D0711 /* [CP] Check Pods Manifest.lock */,
				5E53BDA32A7F0D790066E6C8 /* Sources */,
				5E53BDA42A7F0D790066E6C8 /* Frameworks */,
				5E53BDA52A7F0D790066E6C8 /* Resources */,
				F902B6CDDE20283D7F81AF18 /* [CP] Embed Pods Frameworks */,
			);
			buildRules = (
			);
			dependencies = (
			);
			name = "USSD Tester";
			productName = "USSD Tester";
			productReference = 5E53BDA72A7F0D790066E6C8 /* USSD Tester.app */;
			productType = "com.apple.product-type.application";
		};
/* End PBXNativeTarget section */

/* Begin PBXProject section */
		5E53BD9F2A7F0D790066E6C8 /* Project object */ = {
			isa = PBXProject;
			attributes = {
				BuildIndependentTargetsInParallel = 1;
				LastSwiftUpdateCheck = 1430;
				LastUpgradeCheck = 1430;
				TargetAttributes = {
					5E53BDA62A7F0D790066E6C8 = {
						CreatedOnToolsVersion = 14.3.1;
					};
				};
			};
			buildConfigurationList = 5E53BDA22A7F0D790066E6C8 /* Build configuration list for PBXProject "USSD Tester" */;
			compatibilityVersion = "Xcode 14.0";
			developmentRegion = en;
			hasScannedForEncodings = 0;
			knownRegions = (
				en,
				Base,
			);
			mainGroup = 5E53BD9E2A7F0D790066E6C8;
			productRefGroup = 5E53BDA82A7F0D790066E6C8 /* Products */;
			projectDirPath = "";
			projectRoot = "";
			targets = (
				5E53BDA62A7F0D790066E6C8 /* USSD Tester */,
			);
		};
/* End PBXProject section */

/* Begin PBXResourcesBuildPhase section */
		5E53BDA52A7F0D790066E6C8 /* Resources */ = {
			isa = PBXResourcesBuildPhase;
			buildActionMask = 2147483647;
			files = (
				5E53BDB72A7F0D7A0066E6C8 /* LaunchScreen.storyboard in Resources */,
				5E53BDB42A7F0D7A0066E6C8 /* Assets.xcassets in Resources */,
				5E53BDB22A7F0D790066E6C8 /* Main.storyboard in Resources */,
			);
			runOnlyForDeploymentPostprocessing = 0;
		};
/* End PBXResourcesBuildPhase section */

/* Begin PBXShellScriptBuildPhase section */
		C86FB6A93896DF4F341D0711 /* [CP] Check Pods Manifest.lock */ = {
			isa = PBXShellScriptBuildPhase;
			buildActionMask = 2147483647;
			files = (
			);
			inputFileListPaths = (
			);
			inputPaths = (
				"${PODS_PODFILE_DIR_PATH}/Podfile.lock",
				"${PODS_ROOT}/Manifest.lock",
			);
			name = "[CP] Check Pods Manifest.lock";
			outputFileListPaths = (
			);
			outputPaths = (
				"$(DERIVED_FILE_DIR)/Pods-USSD Tester-checkManifestLockResult.txt",
			);
			runOnlyForDeploymentPostprocessing = 0;
			shellPath = /bin/sh;
			shellScript = "diff \"${PODS_PODFILE_DIR_PATH}/Podfile.lock\" \"${PODS_ROOT}/Manifest.lock\" > /dev/null\nif [ $? != 0 ] ; then\n    # print error to STDERR\n    echo \"error: The sandbox is not in sync with the Podfile.lock. Run 'pod install' or update your CocoaPods installation.\" >&2\n    exit 1\nfi\n# This output is used by Xcode 'outputs' to avoid re-running this script phase.\necho \"SUCCESS\" > \"${SCRIPT_OUTPUT_FILE_0}\"\n";
			showEnvVarsInLog = 0;
		};
		F902B6CDDE20283D7F81AF18 /* [CP] Embed Pods Frameworks */ = {
			isa = PBXShellScriptBuildPhase;
			buildActionMask = 2147483647;
			files = (
			);
			inputFileListPaths = (
				"${PODS_ROOT}/Target Support Files/Pods-USSD Tester/Pods-USSD Tester-frameworks-${CONFIGURATION}-input-files.xcfilelist",
			);
			name = "[CP] Embed Pods Frameworks";
			outputFileListPaths = (
				"${PODS_ROOT}/Target Support Files/Pods-USSD Tester/Pods-USSD Tester-frameworks-${CONFIGURATION}-output-files.xcfilelist",
			);
			runOnlyForDeploymentPostprocessing = 0;
			shellPath = /bin/sh;
			shellScript = "\"${PODS_ROOT}/Target Support Files/Pods-USSD Tester/Pods-USSD Tester-frameworks.sh\"\n";
			showEnvVarsInLog = 0;
		};
/* End PBXShellScriptBuildPhase section */

/* Begin PBXSourcesBuildPhase section */
		5E53BDA32A7F0D790066E6C8 /* Sources */ = {
			isa = PBXSourcesBuildPhase;
			buildActionMask = 2147483647;
			files = (
				5E53BDC42A8044AF0066E6C8 /* Settings.swift in Sources */,
				5E53BDAF2A7F0D790066E6C8 /* ViewController.swift in Sources */,
				5E53BDAB2A7F0D790066E6C8 /* AppDelegate.swift in Sources */,
				5E53BDAD2A7F0D790066E6C8 /* SceneDelegate.swift in Sources */,
				5E53BDC12A7F1AEE0066E6C8 /* Notifiers.swift in Sources */,
				5E53BDBF2A7F0F6B0066E6C8 /* Extensions.swift in Sources */,
			);
			runOnlyForDeploymentPostprocessing = 0;
		};
/* End PBXSourcesBuildPhase section */

/* Begin PBXVariantGroup section */
		5E53BDB02A7F0D790066E6C8 /* Main.storyboard */ = {
			isa = PBXVariantGroup;
			children = (
				5E53BDB12A7F0D790066E6C8 /* Base */,
			);
			name = Main.storyboard;
			sourceTree = "<group>";
		};
		5E53BDB52A7F0D7A0066E6C8 /* LaunchScreen.storyboard */ = {
			isa = PBXVariantGroup;
			children = (
				5E53BDB62A7F0D7A0066E6C8 /* Base */,
			);
			name = LaunchScreen.storyboard;
			sourceTree = "<group>";
		};
/* End PBXVariantGroup section */

/* Begin XCBuildConfiguration section */
		5E53BDB92A7F0D7A0066E6C8 /* Debug */ = {
			isa = XCBuildConfiguration;
			buildSettings = {
				ALWAYS_SEARCH_USER_PATHS = NO;
				CLANG_ANALYZER_NONNULL = YES;
				CLANG_ANALYZER_NUMBER_OBJECT_CONVERSION = YES_AGGRESSIVE;
				CLANG_CXX_LANGUAGE_STANDARD = "gnu++20";
				CLANG_ENABLE_MODULES = YES;
				CLANG_ENABLE_OBJC_ARC = YES;
				CLANG_ENABLE_OBJC_WEAK = YES;
				CLANG_WARN_BLOCK_CAPTURE_AUTORELEASING = YES;
				CLANG_WARN_BOOL_CONVERSION = YES;
				CLANG_WARN_COMMA = YES;
				CLANG_WARN_CONSTANT_CONVERSION = YES;
				CLANG_WARN_DEPRECATED_OBJC_IMPLEMENTATIONS = YES;
				CLANG_WARN_DIRECT_OBJC_ISA_USAGE = YES_ERROR;
				CLANG_WARN_DOCUMENTATION_COMMENTS = YES;
				CLANG_WARN_EMPTY_BODY = YES;
				CLANG_WARN_ENUM_CONVERSION = YES;
				CLANG_WARN_INFINITE_RECURSION = YES;
				CLANG_WARN_INT_CONVERSION = YES;
				CLANG_WARN_NON_LITERAL_NULL_CONVERSION = YES;
				CLANG_WARN_OBJC_IMPLICIT_RETAIN_SELF = YES;
				CLANG_WARN_OBJC_LITERAL_CONVERSION = YES;
				CLANG_WARN_OBJC_ROOT_CLASS = YES_ERROR;
				CLANG_WARN_QUOTED_INCLUDE_IN_FRAMEWORK_HEADER = YES;
				CLANG_WARN_RANGE_LOOP_ANALYSIS = YES;
				CLANG_WARN_STRICT_PROTOTYPES = YES;
				CLANG_WARN_SUSPICIOUS_MOVE = YES;
				CLANG_WARN_UNGUARDED_AVAILABILITY = YES_AGGRESSIVE;
				CLANG_WARN_UNREACHABLE_CODE = YES;
				CLANG_WARN__DUPLICATE_METHOD_MATCH = YES;
				COPY_PHASE_STRIP = NO;
				DEBUG_INFORMATION_FORMAT = dwarf;
				ENABLE_STRICT_OBJC_MSGSEND = YES;
				ENABLE_TESTABILITY = YES;
				GCC_C_LANGUAGE_STANDARD = gnu11;
				GCC_DYNAMIC_NO_PIC = NO;
				GCC_NO_COMMON_BLOCKS = YES;
				GCC_OPTIMIZATION_LEVEL = 0;
				GCC_PREPROCESSOR_DEFINITIONS = (
					"DEBUG=1",
					"$(inherited)",
				);
				GCC_WARN_64_TO_32_BIT_CONVERSION = YES;
				GCC_WARN_ABOUT_RETURN_TYPE = YES_ERROR;
				GCC_WARN_UNDECLARED_SELECTOR = YES;
				GCC_WARN_UNINITIALIZED_AUTOS = YES_AGGRESSIVE;
				GCC_WARN_UNUSED_FUNCTION = YES;
				GCC_WARN_UNUSED_VARIABLE = YES;
				IPHONEOS_DEPLOYMENT_TARGET = 16.4;
				MTL_ENABLE_DEBUG_INFO = INCLUDE_SOURCE;
				MTL_FAST_MATH = YES;
				ONLY_ACTIVE_ARCH = YES;
				SDKROOT = iphoneos;
				SWIFT_ACTIVE_COMPILATION_CONDITIONS = DEBUG;
				SWIFT_OPTIMIZATION_LEVEL = "-Onone";
			};
			name = Debug;
		};
		5E53BDBA2A7F0D7A0066E6C8 /* Release */ = {
			isa = XCBuildConfiguration;
			buildSettings = {
				ALWAYS_SEARCH_USER_PATHS = NO;
				CLANG_ANALYZER_NONNULL = YES;
				CLANG_ANALYZER_NUMBER_OBJECT_CONVERSION = YES_AGGRESSIVE;
				CLANG_CXX_LANGUAGE_STANDARD = "gnu++20";
				CLANG_ENABLE_MODULES = YES;
				CLANG_ENABLE_OBJC_ARC = YES;
				CLANG_ENABLE_OBJC_WEAK = YES;
				CLANG_WARN_BLOCK_CAPTURE_AUTORELEASING = YES;
				CLANG_WARN_BOOL_CONVERSION = YES;
				CLANG_WARN_COMMA = YES;
				CLANG_WARN_CONSTANT_CONVERSION = YES;
				CLANG_WARN_DEPRECATED_OBJC_IMPLEMENTATIONS = YES;
				CLANG_WARN_DIRECT_OBJC_ISA_USAGE = YES_ERROR;
				CLANG_WARN_DOCUMENTATION_COMMENTS = YES;
				CLANG_WARN_EMPTY_BODY = YES;
				CLANG_WARN_ENUM_CONVERSION = YES;
				CLANG_WARN_INFINITE_RECURSION = YES;
				CLANG_WARN_INT_CONVERSION = YES;
				CLANG_WARN_NON_LITERAL_NULL_CONVERSION = YES;
				CLANG_WARN_OBJC_IMPLICIT_RETAIN_SELF = YES;
				CLANG_WARN_OBJC_LITERAL_CONVERSION = YES;
				CLANG_WARN_OBJC_ROOT_CLASS = YES_ERROR;
				CLANG_WARN_QUOTED_INCLUDE_IN_FRAMEWORK_HEADER = YES;
				CLANG_WARN_RANGE_LOOP_ANALYSIS = YES;
				CLANG_WARN_STRICT_PROTOTYPES = YES;
				CLANG_WARN_SUSPICIOUS_MOVE = YES;
				CLANG_WARN_UNGUARDED_AVAILABILITY = YES_AGGRESSIVE;
				CLANG_WARN_UNREACHABLE_CODE = YES;
				CLANG_WARN__DUPLICATE_METHOD_MATCH = YES;
				COPY_PHASE_STRIP = NO;
				DEBUG_INFORMATION_FORMAT = "dwarf-with-dsym";
				ENABLE_NS_ASSERTIONS = NO;
				ENABLE_STRICT_OBJC_MSGSEND = YES;
				GCC_C_LANGUAGE_STANDARD = gnu11;
				GCC_NO_COMMON_BLOCKS = YES;
				GCC_WARN_64_TO_32_BIT_CONVERSION = YES;
				GCC_WARN_ABOUT_RETURN_TYPE = YES_ERROR;
				GCC_WARN_UNDECLARED_SELECTOR = YES;
				GCC_WARN_UNINITIALIZED_AUTOS = YES_AGGRESSIVE;
				GCC_WARN_UNUSED_FUNCTION = YES;
				GCC_WARN_UNUSED_VARIABLE = YES;
				IPHONEOS_DEPLOYMENT_TARGET = 16.4;
				MTL_ENABLE_DEBUG_INFO = NO;
				MTL_FAST_MATH = YES;
				SDKROOT = iphoneos;
				SWIFT_COMPILATION_MODE = wholemodule;
				SWIFT_OPTIMIZATION_LEVEL = "-O";
				VALIDATE_PRODUCT = YES;
			};
			name = Release;
		};
		5E53BDBC2A7F0D7A0066E6C8 /* Debug */ = {
			isa = XCBuildConfiguration;
			baseConfigurationReference = 5035001421D80B0D1A0B8468 /* Pods-USSD Tester.debug.xcconfig */;
			buildSettings = {
				ASSETCATALOG_COMPILER_APPICON_NAME = AppIcon;
				ASSETCATALOG_COMPILER_GLOBAL_ACCENT_COLOR_NAME = AccentColor;
				CODE_SIGN_STYLE = Automatic;
				CURRENT_PROJECT_VERSION = 2;
				DEVELOPMENT_TEAM = 9QPY2593MN;
				GENERATE_INFOPLIST_FILE = YES;
				INFOPLIST_FILE = "USSD Tester/Info.plist";
				INFOPLIST_KEY_UIApplicationSupportsIndirectInputEvents = YES;
				INFOPLIST_KEY_UILaunchStoryboardName = LaunchScreen;
				INFOPLIST_KEY_UIMainStoryboardFile = Main;
				INFOPLIST_KEY_UISupportedInterfaceOrientations_iPad = "UIInterfaceOrientationPortrait UIInterfaceOrientationPortraitUpsideDown UIInterfaceOrientationLandscapeLeft UIInterfaceOrientationLandscapeRight";
				INFOPLIST_KEY_UISupportedInterfaceOrientations_iPhone = "UIInterfaceOrientationPortrait UIInterfaceOrientationLandscapeLeft UIInterfaceOrientationLandscapeRight";
				IPHONEOS_DEPLOYMENT_TARGET = 13.0;
				LD_RUNPATH_SEARCH_PATHS = (
					"$(inherited)",
					"@executable_path/Frameworks",
				);
				MARKETING_VERSION = 1.0.1;
				PRODUCT_BUNDLE_IDENTIFIER = "com.newafricatechnology.USSD-Tester";
				PRODUCT_NAME = "$(TARGET_NAME)";
				SWIFT_EMIT_LOC_STRINGS = YES;
				SWIFT_VERSION = 5.0;
				TARGETED_DEVICE_FAMILY = "1,2";
			};
			name = Debug;
		};
		5E53BDBD2A7F0D7A0066E6C8 /* Release */ = {
			isa = XCBuildConfiguration;
			baseConfigurationReference = C70B853369C4EF0D44415E6C /* Pods-USSD Tester.release.xcconfig */;
			buildSettings = {
				ASSETCATALOG_COMPILER_APPICON_NAME = AppIcon;
				ASSETCATALOG_COMPILER_GLOBAL_ACCENT_COLOR_NAME = AccentColor;
				CODE_SIGN_STYLE = Automatic;
				CURRENT_PROJECT_VERSION = 2;
				DEVELOPMENT_TEAM = 9QPY2593MN;
				GENERATE_INFOPLIST_FILE = YES;
				INFOPLIST_FILE = "USSD Tester/Info.plist";
				INFOPLIST_KEY_UIApplicationSupportsIndirectInputEvents = YES;
				INFOPLIST_KEY_UILaunchStoryboardName = LaunchScreen;
				INFOPLIST_KEY_UIMainStoryboardFile = Main;
				INFOPLIST_KEY_UISupportedInterfaceOrientations_iPad = "UIInterfaceOrientationPortrait UIInterfaceOrientationPortraitUpsideDown UIInterfaceOrientationLandscapeLeft UIInterfaceOrientationLandscapeRight";
				INFOPLIST_KEY_UISupportedInterfaceOrientations_iPhone = "UIInterfaceOrientationPortrait UIInterfaceOrientationLandscapeLeft UIInterfaceOrientationLandscapeRight";
				IPHONEOS_DEPLOYMENT_TARGET = 13.0;
				LD_RUNPATH_SEARCH_PATHS = (
					"$(inherited)",
					"@executable_path/Frameworks",
				);
				MARKETING_VERSION = 1.0.1;
				PRODUCT_BUNDLE_IDENTIFIER = "com.newafricatechnology.USSD-Tester";
				PRODUCT_NAME = "$(TARGET_NAME)";
				SWIFT_EMIT_LOC_STRINGS = YES;
				SWIFT_VERSION = 5.0;
				TARGETED_DEVICE_FAMILY = "1,2";
			};
			name = Release;
		};
/* End XCBuildConfiguration section */

/* Begin XCConfigurationList section */
		5E53BDA22A7F0D790066E6C8 /* Build configuration list for PBXProject "USSD Tester" */ = {
			isa = XCConfigurationList;
			buildConfigurations = (
				5E53BDB92A7F0D7A0066E6C8 /* Debug */,
				5E53BDBA2A7F0D7A0066E6C8 /* Release */,
			);
			defaultConfigurationIsVisible = 0;
			defaultConfigurationName = Release;
		};
		5E53BDBB2A7F0D7A0066E6C8 /* Build configuration list for PBXNativeTarget "USSD Tester" */ = {
			isa = XCConfigurationList;
			buildConfigurations = (
				5E53BDBC2A7F0D7A0066E6C8 /* Debug */,
				5E53BDBD2A7F0D7A0066E6C8 /* Release */,
			);
			defaultConfigurationIsVisible = 0;
			defaultConfigurationName = Release;
		};
/* End XCConfigurationList section */
	};
	rootObject = 5E53BD9F2A7F0D790066E6C8 /* Project object */;
}
